
Microsoft Visual Studio Solution File, Format Version 12.00
Project("{FAE04EC0-301F-11D3-BF4B-00C04F79EFBC}") = "EmailMicroservice", "EmailMicroservice\EmailMicroservice.csproj", "{9D7306C5-7CDF-4CD0-9BB1-3C86F22A500D}"
EndProject
Global
	GlobalSection(SolutionConfigurationPlatforms) = preSolution
		Debug|Any CPU = Debug|Any CPU
		Release|Any CPU = Release|Any CPU
	EndGlobalSection
	GlobalSection(ProjectConfigurationPlatforms) = postSolution
		{9D7306C5-7CDF-4CD0-9BB1-3C86F22A500D}.Debug|Any CPU.ActiveCfg = Debug|Any CPU
		{9D7306C5-7CDF-4CD0-9BB1-3C86F22A500D}.Debug|Any CPU.Build.0 = Debug|Any CPU
		{9D7306C5-7CDF-4CD0-9BB1-3C86F22A500D}.Release|Any CPU.ActiveCfg = Release|Any CPU
		{9D7306C5-7CDF-4CD0-9BB1-3C86F22A500D}.Release|Any CPU.Build.0 = Release|Any CPU
	EndGlobalSection
EndGlobal
